
Microsoft Visual Studio Solution File, Format Version 12.00
Project("{FAE04EC0-301F-11D3-BF4B-00C04F79EFBC}") = "csvToClass", "csvToClass\csvToClass.csproj", "{79E8ECA2-87E9-4F0D-8933-175C8E9B50D3}"
EndProject
Global
	GlobalSection(SolutionConfigurationPlatforms) = preSolution
		Debug|Any CPU = Debug|Any CPU
		Release|Any CPU = Release|Any CPU
	EndGlobalSection
	GlobalSection(ProjectConfigurationPlatforms) = postSolution
		{79E8ECA2-87E9-4F0D-8933-175C8E9B50D3}.Debug|Any CPU.ActiveCfg = Debug|Any CPU
		{79E8ECA2-87E9-4F0D-8933-175C8E9B50D3}.Debug|Any CPU.Build.0 = Debug|Any CPU
		{79E8ECA2-87E9-4F0D-8933-175C8E9B50D3}.Release|Any CPU.ActiveCfg = Release|Any CPU
		{79E8ECA2-87E9-4F0D-8933-175C8E9B50D3}.Release|Any CPU.Build.0 = Release|Any CPU
	EndGlobalSection
EndGlobal
